
Microsoft Visual Studio Solution File, Format Version 12.00
# Visual Studio Version 16
VisualStudioVersion = 16.0.30011.22
MinimumVisualStudioVersion = 10.0.40219.1
Project("{FAE04EC0-301F-11D3-BF4B-00C04F79EFBC}") = "sort-json-list", "sort-json-list\sort-json-list.csproj", "{97F03F11-08F9-4542-BDD8-643CC40849D0}"
EndProject
Global
	GlobalSection(SolutionConfigurationPlatforms) = preSolution
		Debug|Any CPU = Debug|Any CPU
		Release|Any CPU = Release|Any CPU
	EndGlobalSection
	GlobalSection(ProjectConfigurationPlatforms) = postSolution
		{97F03F11-08F9-4542-BDD8-643CC40849D0}.Debug|Any CPU.ActiveCfg = Debug|Any CPU
		{97F03F11-08F9-4542-BDD8-643CC40849D0}.Debug|Any CPU.Build.0 = Debug|Any CPU
		{97F03F11-08F9-4542-BDD8-643CC40849D0}.Release|Any CPU.ActiveCfg = Release|Any CPU
		{97F03F11-08F9-4542-BDD8-643CC40849D0}.Release|Any CPU.Build.0 = Release|Any CPU
	EndGlobalSection
	GlobalSection(SolutionProperties) = preSolution
		HideSolutionNode = FALSE
	EndGlobalSection
	GlobalSection(ExtensibilityGlobals) = postSolution
		SolutionGuid = {785F2E62-3F08-4490-9F06-ACCE1333B764}
	EndGlobalSection
EndGlobal
